<?xml version="1.0" encoding="utf-8"?>
<Project ToolsVersion="4.0" xmlns="http://schemas.microsoft.com/developer/msbuild/2003">
  <ItemGroup>
    <Filter Include="Fichiers sources">
      <UniqueIdentifier>{4FC737F1-C7A5-4376-A066-2A32D752A2FF}</UniqueIdentifier>
      <Extensions>cpp;c;cc;cxx;def;odl;idl;hpj;bat;asm;asmx</Extensions>
    </Filter>
    <Filter Include="Fichiers d%27en-tête">
      <UniqueIdentifier>{93995380-89BD-4b04-88EB-625FBE52EBFB}</UniqueIdentifier>
      <Extensions>h;hh;hpp;hxx;hm;inl;inc;xsd</Extensions>
    </Filter>
    <Filter Include="Fichiers de ressources">
      <UniqueIdentifier>{67DA6AB6-F800-4c08-8B7A-83BB121AAD01}</UniqueIdentifier>
      <Extensions>rc;ico;cur;bmp;dlg;rc2;rct;bin;rgs;gif;jpg;jpeg;jpe;resx;tiff;tif;png;wav;mfcribbon-ms</Extensions>
    </Filter>
    <Filter Include="Fichiers d%27en-tête\ConnectionH">
      <UniqueIdentifier>{d5cf1982-f5d0-45ee-85d0-05ca974bae43}</UniqueIdentifier>
    </Filter>
    <Filter Include="Fichiers sources\Connection">
      <UniqueIdentifier>{8b6c6fd1-8b8c-4608-85f8-a02b1b756a2e}</UniqueIdentifier>
    </Filter>
    <Filter Include="Fichiers d%27en-tête\BufferH">
      <UniqueIdentifier>{f7c892fe-ea85-4afd-933a-1cc80078fe69}</UniqueIdentifier>
    </Filter>
    <Filter Include="Fichiers sources\Buffer">
      <UniqueIdentifier>{ca9b5ef1-8b7a-415d-9bb6-115d151eaa0f}</UniqueIdentifier>
    </Filter>
  </ItemGroup>
  <ItemGroup>
    <Text Include="ReadMe.txt" />
  </ItemGroup>
  <ItemGroup>
    <ClInclude Include="stdafx.h">
      <Filter>Fichiers d%27en-tête</Filter>
    </ClInclude>
    <ClInclude Include="targetver.h">
      <Filter>Fichiers d%27en-tête</Filter>
    </ClInclude>
    <ClInclude Include="BufferH\Printable.h">
      <Filter>Fichiers d%27en-tête\BufferH</Filter>
    </ClInclude>
    <ClInclude Include="BufferH\Buffer.h">
      <Filter>Fichiers d%27en-tête\BufferH</Filter>
    </ClInclude>
    <ClInclude Include="BufferH\ByteBuffer.h">
      <Filter>Fichiers d%27en-tête\BufferH</Filter>
    </ClInclude>
    <ClInclude Include="ConnectionH\SocketConnection.h">
      <Filter>Fichiers d%27en-tête\ConnectionH</Filter>
    </ClInclude>
    <ClInclude Include="DroneConstants.h">
      <Filter>Fichiers d%27en-tête</Filter>
    </ClInclude>
    <ClInclude Include="ConnectionH\UDPConnection.h">
      <Filter>Fichiers d%27en-tête\ConnectionH</Filter>
    </ClInclude>
    <ClInclude Include="ConnectionH\TCPConnection.h">
      <Filter>Fichiers d%27en-tête\ConnectionH</Filter>
    </ClInclude>
    <ClInclude Include="ConnectionH\NavDataConnection.h">
      <Filter>Fichiers d%27en-tête\ConnectionH</Filter>
    </ClInclude>
    <ClInclude Include="ConnectionH\ConfigConnection.h">
      <Filter>Fichiers d%27en-tête\ConnectionH</Filter>
    </ClInclude>
    <ClInclude Include="ConnectionH\VideoConnection.h">
      <Filter>Fichiers d%27en-tête\ConnectionH</Filter>
    </ClInclude>
    <ClInclude Include="ConnectionH\ATCommandConnection.h">
      <Filter>Fichiers d%27en-tête\ConnectionH</Filter>
    </ClInclude>
    <ClInclude Include="ConnectionH\Frame.h">
      <Filter>Fichiers d%27en-tête\ConnectionH</Filter>
    </ClInclude>
  </ItemGroup>
  <ItemGroup>
    <ClCompile Include="stdafx.cpp">
      <Filter>Fichiers sources</Filter>
    </ClCompile>
    <ClCompile Include="Drone C++.cpp">
      <Filter>Fichiers sources</Filter>
    </ClCompile>
    <ClCompile Include="Buffer\Printable.cpp">
      <Filter>Fichiers sources\Buffer</Filter>
    </ClCompile>
    <ClCompile Include="Buffer\Buffer.cpp">
      <Filter>Fichiers sources\Buffer</Filter>
    </ClCompile>
    <ClCompile Include="Buffer\ByteBuffer.cpp">
      <Filter>Fichiers sources\Buffer</Filter>
    </ClCompile>
    <ClCompile Include="Connection\SocketConnection.cpp">
      <Filter>Fichiers sources\Connection</Filter>
    </ClCompile>
    <ClCompile Include="Connection\UDPConnection.cpp">
      <Filter>Fichiers sources\Connection</Filter>
    </ClCompile>
    <ClCompile Include="Connection\TCPConnection.cpp">
      <Filter>Fichiers sources\Connection</Filter>
    </ClCompile>
    <ClCompile Include="Connection\NavDataConnection.cpp">
      <Filter>Fichiers sources\Connection</Filter>
    </ClCompile>
    <ClCompile Include="Connection\ConfigConnection.cpp">
      <Filter>Fichiers sources\Connection</Filter>
    </ClCompile>
    <ClCompile Include="Connection\VideoConnection.cpp">
      <Filter>Fichiers sources\Connection</Filter>
    </ClCompile>
    <ClCompile Include="Connection\ATCommandConnection.cpp">
      <Filter>Fichiers sources\Connection</Filter>
    </ClCompile>
    <ClCompile Include="Connection\Frame.cpp">
      <Filter>Fichiers sources\Connection</Filter>
    </ClCompile>
  </ItemGroup>
</Project>