<?xml version="1.0" encoding="utf-8"?>
<Project ToolsVersion="4.0" xmlns="http://schemas.microsoft.com/developer/msbuild/2003">
  <ItemGroup>
    <Filter Include="Fichiers sources">
      <UniqueIdentifier>{4FC737F1-C7A5-4376-A066-2A32D752A2FF}</UniqueIdentifier>
      <Extensions>cpp;c;cc;cxx;def;odl;idl;hpj;bat;asm;asmx</Extensions>
    </Filter>
    <Filter Include="Fichiers d%27en-tête">
      <UniqueIdentifier>{93995380-89BD-4b04-88EB-625FBE52EBFB}</UniqueIdentifier>
      <Extensions>h;hh;hpp;hxx;hm;inl;inc;xsd</Extensions>
    </Filter>
    <Filter Include="Fichiers de ressources">
      <UniqueIdentifier>{67DA6AB6-F800-4c08-8B7A-83BB121AAD01}</UniqueIdentifier>
      <Extensions>rc;ico;cur;bmp;dlg;rc2;rct;bin;rgs;gif;jpg;jpeg;jpe;resx;tiff;tif;png;wav;mfcribbon-ms</Extensions>
    </Filter>
    <Filter Include="Fichiers d%27en-tête\ConnectionH">
      <UniqueIdentifier>{d5cf1982-f5d0-45ee-85d0-05ca974bae43}</UniqueIdentifier>
    </Filter>
    <Filter Include="Fichiers sources\Connection">
      <UniqueIdentifier>{8b6c6fd1-8b8c-4608-85f8-a02b1b756a2e}</UniqueIdentifier>
    </Filter>
    <Filter Include="Fichiers d%27en-tête\BufferH">
      <UniqueIdentifier>{f7c892fe-ea85-4afd-933a-1cc80078fe69}</UniqueIdentifier>
    </Filter>
    <Filter Include="Fichiers sources\Buffer">
      <UniqueIdentifier>{ca9b5ef1-8b7a-415d-9bb6-115d151eaa0f}</UniqueIdentifier>
    </Filter>
    <Filter Include="Fichiers d%27en-tête\HandlerH">
      <UniqueIdentifier>{0cc1c0ad-b126-4f8a-a55a-2c681171484c}</UniqueIdentifier>
    </Filter>
    <Filter Include="Fichiers sources\Handler">
      <UniqueIdentifier>{3bf22184-3cee-4e22-b89e-03390569d311}</UniqueIdentifier>
    </Filter>
    <Filter Include="Fichiers sources\3DMouse">
      <UniqueIdentifier>{5017dd27-cf6e-4b6f-95d7-82bbf1dcd36a}</UniqueIdentifier>
    </Filter>
    <Filter Include="Fichiers d%27en-tête\3DMouseH">
      <UniqueIdentifier>{97639a8c-1e2e-4efc-befb-f5b09f294297}</UniqueIdentifier>
    </Filter>
    <Filter Include="Fichiers de ressources\Inc">
      <UniqueIdentifier>{4536bcca-71c4-47c8-a0cb-703847ed7840}</UniqueIdentifier>
    </Filter>
    <Filter Include="Fichiers de ressources\Lib">
      <UniqueIdentifier>{24ad2d84-79e1-4401-9db1-e83a775c8082}</UniqueIdentifier>
    </Filter>
  </ItemGroup>
  <ItemGroup>
    <Text Include="ReadMe.txt" />
  </ItemGroup>
  <ItemGroup>
    <ClInclude Include="BufferH\Buffer.h">
      <Filter>Fichiers d%27en-tête\BufferH</Filter>
    </ClInclude>
    <ClInclude Include="BufferH\ByteBuffer.h">
      <Filter>Fichiers d%27en-tête\BufferH</Filter>
    </ClInclude>
    <ClInclude Include="ConnectionH\SocketConnection.h">
      <Filter>Fichiers d%27en-tête\ConnectionH</Filter>
    </ClInclude>
    <ClInclude Include="ConnectionH\UDPConnection.h">
      <Filter>Fichiers d%27en-tête\ConnectionH</Filter>
    </ClInclude>
    <ClInclude Include="ConnectionH\TCPConnection.h">
      <Filter>Fichiers d%27en-tête\ConnectionH</Filter>
    </ClInclude>
    <ClInclude Include="ConnectionH\NavDataConnection.h">
      <Filter>Fichiers d%27en-tête\ConnectionH</Filter>
    </ClInclude>
    <ClInclude Include="ConnectionH\ConfigConnection.h">
      <Filter>Fichiers d%27en-tête\ConnectionH</Filter>
    </ClInclude>
    <ClInclude Include="ConnectionH\VideoConnection.h">
      <Filter>Fichiers d%27en-tête\ConnectionH</Filter>
    </ClInclude>
    <ClInclude Include="ConnectionH\ATCommandConnection.h">
      <Filter>Fichiers d%27en-tête\ConnectionH</Filter>
    </ClInclude>
    <ClInclude Include="ConnectionH\Frame.h">
      <Filter>Fichiers d%27en-tête\ConnectionH</Filter>
    </ClInclude>
    <ClInclude Include="HandlerH\DroneHandler.h">
      <Filter>Fichiers d%27en-tête\HandlerH</Filter>
    </ClInclude>
    <ClInclude Include="HandlerH\ATCommandHandler.h">
      <Filter>Fichiers d%27en-tête\HandlerH</Filter>
    </ClInclude>
    <ClInclude Include="HandlerH\NavDataHandler.h">
      <Filter>Fichiers d%27en-tête\HandlerH</Filter>
    </ClInclude>
    <ClInclude Include="ConnectionH\AbstractSocket.h">
      <Filter>Fichiers d%27en-tête\ConnectionH</Filter>
    </ClInclude>
    <ClInclude Include="3DMouseH\FlightInput.h">
      <Filter>Fichiers d%27en-tête\3DMouseH</Filter>
    </ClInclude>
    <ClInclude Include="Inc\3DxWareVersionNumbers.h">
      <Filter>Fichiers de ressources\Inc</Filter>
    </ClInclude>
    <ClInclude Include="Inc\si.h">
      <Filter>Fichiers de ressources\Inc</Filter>
    </ClInclude>
    <ClInclude Include="Inc\siapp.h">
      <Filter>Fichiers de ressources\Inc</Filter>
    </ClInclude>
    <ClInclude Include="Inc\siappcmd.h">
      <Filter>Fichiers de ressources\Inc</Filter>
    </ClInclude>
    <ClInclude Include="Inc\siappcmd_types.h">
      <Filter>Fichiers de ressources\Inc</Filter>
    </ClInclude>
    <ClInclude Include="Inc\SiCfg.h">
      <Filter>Fichiers de ressources\Inc</Filter>
    </ClInclude>
    <ClInclude Include="Inc\siDefines.h">
      <Filter>Fichiers de ressources\Inc</Filter>
    </ClInclude>
    <ClInclude Include="Inc\siSync.h">
      <Filter>Fichiers de ressources\Inc</Filter>
    </ClInclude>
    <ClInclude Include="Inc\siSyncDefines.h">
      <Filter>Fichiers de ressources\Inc</Filter>
    </ClInclude>
    <ClInclude Include="Inc\siSyncPriv.h">
      <Filter>Fichiers de ressources\Inc</Filter>
    </ClInclude>
    <ClInclude Include="Inc\spwdata.h">
      <Filter>Fichiers de ressources\Inc</Filter>
    </ClInclude>
    <ClInclude Include="Inc\spwerror.h">
      <Filter>Fichiers de ressources\Inc</Filter>
    </ClInclude>
    <ClInclude Include="Inc\spwmacro.h">
      <Filter>Fichiers de ressources\Inc</Filter>
    </ClInclude>
    <ClInclude Include="Inc\spwmath.h">
      <Filter>Fichiers de ressources\Inc</Filter>
    </ClInclude>
    <ClInclude Include="Inc\V3DCMD.h">
      <Filter>Fichiers de ressources\Inc</Filter>
    </ClInclude>
    <ClInclude Include="Inc\V3DKey.h">
      <Filter>Fichiers de ressources\Inc</Filter>
    </ClInclude>
    <ClInclude Include="Inc\virtualkeys.hpp">
      <Filter>Fichiers de ressources\Inc</Filter>
    </ClInclude>
    <ClInclude Include="HandlerH\BlockingQueue.h">
      <Filter>Fichiers d%27en-tête\HandlerH</Filter>
    </ClInclude>
  </ItemGroup>
  <ItemGroup>
    <ClCompile Include="stdafx.cpp">
      <Filter>Fichiers sources</Filter>
    </ClCompile>
    <ClCompile Include="Drone C++.cpp">
      <Filter>Fichiers sources</Filter>
    </ClCompile>
    <ClCompile Include="Buffer\Buffer.cpp">
      <Filter>Fichiers sources\Buffer</Filter>
    </ClCompile>
    <ClCompile Include="Buffer\ByteBuffer.cpp">
      <Filter>Fichiers sources\Buffer</Filter>
    </ClCompile>
    <ClCompile Include="Connection\SocketConnection.cpp">
      <Filter>Fichiers sources\Connection</Filter>
    </ClCompile>
    <ClCompile Include="Connection\UDPConnection.cpp">
      <Filter>Fichiers sources\Connection</Filter>
    </ClCompile>
    <ClCompile Include="Connection\TCPConnection.cpp">
      <Filter>Fichiers sources\Connection</Filter>
    </ClCompile>
    <ClCompile Include="Connection\NavDataConnection.cpp">
      <Filter>Fichiers sources\Connection</Filter>
    </ClCompile>
    <ClCompile Include="Connection\ConfigConnection.cpp">
      <Filter>Fichiers sources\Connection</Filter>
    </ClCompile>
    <ClCompile Include="Connection\VideoConnection.cpp">
      <Filter>Fichiers sources\Connection</Filter>
    </ClCompile>
    <ClCompile Include="Connection\ATCommandConnection.cpp">
      <Filter>Fichiers sources\Connection</Filter>
    </ClCompile>
    <ClCompile Include="Connection\Frame.cpp">
      <Filter>Fichiers sources\Connection</Filter>
    </ClCompile>
    <ClCompile Include="Handler\DroneHandler.cpp">
      <Filter>Fichiers sources\Handler</Filter>
    </ClCompile>
    <ClCompile Include="Handler\ATCommandHandler.cpp">
      <Filter>Fichiers sources\Handler</Filter>
    </ClCompile>
    <ClCompile Include="Handler\NavDataHandler.cpp">
      <Filter>Fichiers sources\Handler</Filter>
    </ClCompile>
    <ClCompile Include="Connection\AbstractSocket.cpp">
      <Filter>Fichiers sources\Connection</Filter>
    </ClCompile>
    <ClCompile Include="3DMouse\FlightInput.cpp">
      <Filter>Fichiers sources\3DMouse</Filter>
    </ClCompile>
  </ItemGroup>
  <ItemGroup>
    <Library Include="Lib\siapp.lib">
      <Filter>Fichiers de ressources\Lib</Filter>
    </Library>
    <Library Include="Lib\spwmath.lib">
      <Filter>Fichiers de ressources\Lib</Filter>
    </Library>
    <Library Include="Lib\spwmathD.lib">
      <Filter>Fichiers de ressources\Lib</Filter>
    </Library>
    <Library Include="Lib\spwmathMT.lib">
      <Filter>Fichiers de ressources\Lib</Filter>
    </Library>
    <Library Include="Lib\spwmathMTD.lib">
      <Filter>Fichiers de ressources\Lib</Filter>
    </Library>
  </ItemGroup>
</Project>