<?xml version="1.0" encoding="utf-8"?>
<Project ToolsVersion="4.0" xmlns="http://schemas.microsoft.com/developer/msbuild/2003">
  <ItemGroup>
    <Filter Include="Source Files">
      <UniqueIdentifier>{4FC737F1-C7A5-4376-A066-2A32D752A2FF}</UniqueIdentifier>
      <Extensions>cpp;c;cc;cxx;def;odl;idl;hpj;bat;asm;asmx</Extensions>
    </Filter>
    <Filter Include="Header Files">
      <UniqueIdentifier>{93995380-89BD-4b04-88EB-625FBE52EBFB}</UniqueIdentifier>
      <Extensions>h;hh;hpp;hxx;hm;inl;inc;xsd</Extensions>
    </Filter>
    <Filter Include="Resource Files">
      <UniqueIdentifier>{67DA6AB6-F800-4c08-8B7A-83BB121AAD01}</UniqueIdentifier>
      <Extensions>rc;ico;cur;bmp;dlg;rc2;rct;bin;rgs;gif;jpg;jpeg;jpe;resx;tiff;tif;png;wav</Extensions>
    </Filter>
    <Filter Include="Header Files\BufferH">
      <UniqueIdentifier>{f9449323-64a6-4387-8c0a-0082ee006dd9}</UniqueIdentifier>
    </Filter>
    <Filter Include="Header Files\ConnectionH">
      <UniqueIdentifier>{9a7e89cc-e9d5-4759-8541-791758da1c52}</UniqueIdentifier>
    </Filter>
    <Filter Include="Source Files\Buffer">
      <UniqueIdentifier>{3f23b9eb-bf45-49ff-be3b-ca8053edd718}</UniqueIdentifier>
    </Filter>
    <Filter Include="Source Files\Connection">
      <UniqueIdentifier>{8bbeeaef-437d-424d-a949-d11600f00c81}</UniqueIdentifier>
    </Filter>
  </ItemGroup>
  <ItemGroup>
    <ClCompile Include="Drone C++.cpp">
      <Filter>Source Files</Filter>
    </ClCompile>
    <ClCompile Include="stdafx.cpp">
      <Filter>Source Files</Filter>
    </ClCompile>
    <ClCompile Include="buffer\Buffer.cpp">
      <Filter>Source Files\Buffer</Filter>
    </ClCompile>
    <ClCompile Include="buffer\ByteBuffer.cpp">
      <Filter>Source Files\Buffer</Filter>
    </ClCompile>
    <ClCompile Include="buffer\Printable.cpp">
      <Filter>Source Files\Buffer</Filter>
    </ClCompile>
    <ClCompile Include="connection\ATCommandConnection.cpp">
      <Filter>Source Files\Connection</Filter>
    </ClCompile>
    <ClCompile Include="connection\ConfigConnection.cpp">
      <Filter>Source Files\Connection</Filter>
    </ClCompile>
    <ClCompile Include="connection\Frame.cpp">
      <Filter>Source Files\Connection</Filter>
    </ClCompile>
    <ClCompile Include="connection\NavDataConnection.cpp">
      <Filter>Source Files\Connection</Filter>
    </ClCompile>
    <ClCompile Include="connection\SocketConnection.cpp">
      <Filter>Source Files\Connection</Filter>
    </ClCompile>
    <ClCompile Include="connection\TCPConnection.cpp">
      <Filter>Source Files\Connection</Filter>
    </ClCompile>
    <ClCompile Include="connection\UDPConnection.cpp">
      <Filter>Source Files\Connection</Filter>
    </ClCompile>
    <ClCompile Include="connection\VideoConnection.cpp">
      <Filter>Source Files\Connection</Filter>
    </ClCompile>
  </ItemGroup>
  <ItemGroup>
    <ClInclude Include="DroneConstants.h">
      <Filter>Header Files</Filter>
    </ClInclude>
    <ClInclude Include="stdafx.h">
      <Filter>Header Files</Filter>
    </ClInclude>
    <ClInclude Include="targetver.h">
      <Filter>Header Files</Filter>
    </ClInclude>
    <ClInclude Include="bufferh\Buffer.h">
      <Filter>Header Files\BufferH</Filter>
    </ClInclude>
    <ClInclude Include="bufferh\ByteBuffer.h">
      <Filter>Header Files\BufferH</Filter>
    </ClInclude>
    <ClInclude Include="bufferh\Printable.h">
      <Filter>Header Files\BufferH</Filter>
    </ClInclude>
    <ClInclude Include="connectionh\ATCommandConnection.h">
      <Filter>Header Files\ConnectionH</Filter>
    </ClInclude>
    <ClInclude Include="connectionh\ConfigConnection.h">
      <Filter>Header Files\ConnectionH</Filter>
    </ClInclude>
    <ClInclude Include="connectionh\Frame.h">
      <Filter>Header Files\ConnectionH</Filter>
    </ClInclude>
    <ClInclude Include="connectionh\NavDataConnection.h">
      <Filter>Header Files\ConnectionH</Filter>
    </ClInclude>
    <ClInclude Include="connectionh\SocketConnection.h">
      <Filter>Header Files\ConnectionH</Filter>
    </ClInclude>
    <ClInclude Include="connectionh\TCPConnection.h">
      <Filter>Header Files\ConnectionH</Filter>
    </ClInclude>
    <ClInclude Include="connectionh\UDPConnection.h">
      <Filter>Header Files\ConnectionH</Filter>
    </ClInclude>
    <ClInclude Include="connectionh\VideoConnection.h">
      <Filter>Header Files\ConnectionH</Filter>
    </ClInclude>
  </ItemGroup>
</Project>